github.com/PuerkitoBio/goquery v1.5.0 h1:uGvmFXOA73IKluu/F84Xd1tt/z07GYm8X49XKHP7EJk=
github.com/PuerkitoBio/goquery v1.5.0/go.mod h1:qD2PgZ9lccMbQlc7eEOjaeRlFQON7xY8kdmcsrnKqMg=
github.com/alessio/shellescape v0.0.0-20190409004728-b115ca0f9053 h1:H/GMMKYPkEIC3DF/JWQz8Pdd+Feifov2EIgGfNpeogI=
github.com/alessio/shellescape v0.0.0-20190409004728-b115ca0f9053/go.mod h1:xW8sBma2LE3QxFSzCnH9qe6gAE2yO9GvQaWwX89HxbE=
github.com/andybalholm/cascadia v1.0.0 h1:hOCXnnZ5A+3eVDX8pvgl4kofXv2ELss0bKcqRySc45o=
github.com/andybalholm/cascadia v1.0.0/go.mod h1:GsXiBklL0woXo1j/WYWtSYYC4ouU9PqHO0sqidkEA4Y=
github.com/beanstalkd/go-beanstalk v0.0.0-20190515041346-390b03b3064a h1:Q9n7/Y0jg/U18xjQz2l42we7XQAqwkBGWByBZ36BAHo=
github.com/beanstalkd/go-beanstalk v0.0.0-20190515041346-390b03b3064a/go.mod h1:Q3f6RCbUHp8RHSfBiPUZBojK76rir8Rl+KINuz2/sYs=
github.com/bobesa/go-domain-util v0.0.0-20180815122459-1d708c097a6a h1:58UF/PdnSrY88+K5vNqMQ5hfxU6ySFp+qBAr6axsFMg=
github.com/bobesa/go-domain-util v0.0.0-20180815122459-1d708c097a6a/go.mod h1:/mf0HzRK9xVv+1puqGSMzCo7bhEcQhiisuUXlMkq2p4=
github.com/docopt/docopt-go v0.0.0-20180111231733-ee0de3bc6815 h1:bWDMxwH3px2JBh6AyO7hdCn/PkvCZXii8TGj7sbtEbQ=
github.com/docopt/docopt-go v0.0.0-20180111231733-ee0de3bc6815/go.mod h1:WwZ+bS3ebgob9U8Nd0kOddGdZWjyMGR8Wziv+TBNwSE=
github.com/ghodss/yaml v1.0.0 h1:wQHKEahhL6wmXdzwWG11gIVCkOv05bNOh+Rxn0yngAk=
github.com/ghodss/yaml v1.0.0/go.mod h1:4dBDuWmgqj2HViK6kFavaiC9ZROes6MMH2rRYeMEF04=
github.com/joho/sqltocsv v0.0.0-20190321025444-a9e6f980056c h1:RKg/wKiPY5HdhOKErDcHwUXgZg+s0wL6swtsfMKG8a8=
github.com/joho/sqltocsv v0.0.0-20190321025444-a9e6f980056c/go.mod h1:mAVCUAYtW9NG31eB30umMSLKcDt6mCUWSjoSn5qBh0k=
github.com/lib/pq v1.2.0 h1:LXpIM/LZ5xGFhOpXAQUIMM1HdyqzVYM13zNdjCEEcA0=
github.com/lib/pq v1.2.0/go.mod h1:5WUZQaWbwv1U+lTReE5YruASi9Al49XbQIvNi/34Woo=
github.com/rverton/webanalyze v0.0.0-20190705204417-ab86050f17f1 h1:w1N4spUGKkLNUuvuQEcxmJ3AXvTuq2NlUh4meRWIPWU=
github.com/rverton/webanalyze v0.0.0-20190705204417-ab86050f17f1/go.mod h1:pdYClPNlTSTpg2baTCKNp/hATvLvgq4qWh9RdJHk/Lg=
github.com/tkanos/gonfig v0.0.0-20181112185242-896f3d81fadf h1:sepG1nOX39NO8y8E+sYMkkKSDxiAfZ0XL0l0+vogwBw=
github.com/tkanos/gonfig v0.0.0-20181112185242-896f3d81fadf/go.mod h1:DaZPBuToMc2eezA9R9nDAnmS2RMwL7yEa5YD36ESQdI=
golang.org/x/net v0.0.0-20180218175443-cbe0f9307d01/go.mod h1:mL1N/T3taQHkDXs73rZJwtUhF3w3ftmwwsq0BUmARs4=
golang.org/x/net v0.0.0-20181114220301-adae6a3d119a h1:gOpx8G595UYyvj8UK4+OFyY4rx037g3fmfhe5SasG3U=
golang.org/x/net v0.0.0-20181114220301-adae6a3d119a/go.mod h1:mL1N/T3taQHkDXs73rZJwtUhF3w3ftmwwsq0BUmARs4=
golang.org/x/text v0.3.2 h1:tW2bmiBqwgJj/UpqtC8EpXEZVYOwU0yG4iWbprSVAcs=
golang.org/x/text v0.3.2/go.mod h1:bEr9sfX3Q8Zfm5fL9x+3itogRgK3+ptLWKqgva+5dAk=
golang.org/x/tools v0.0.0-20180917221912-90fa682c2a6e/go.mod h1:n7NCudcB/nEzxVGmLbDWY5pfWTLqBcC2KZ6jyYvM4mQ=
gopkg.in/check.v1 v0.0.0-20161208181325-20d25e280405 h1:yhCVgyC4o1eVCa2tZl7eS0r+SDo693bJlVdllGtEeKM=
gopkg.in/check.v1 v0.0.0-20161208181325-20d25e280405/go.mod h1:Co6ibVJAznAaIkqp8huTwlJQCZ016jof/cbN4VW5Yz0=
gopkg.in/yaml.v2 v2.2.2 h1:ZCJp+EgiOT7lHqUV2J862kp8Qj64Jo6az82+3Td9dZw=
gopkg.in/yaml.v2 v2.2.2/go.mod h1:hI93XBmqTisBFMUTm0b8Fm+jr3Dg1NNxqwp+5A1VGuI=
